
Microsoft Visual Studio Solution File, Format Version 12.00
# Visual Studio Version 16
VisualStudioVersion = 16.0.31005.135
MinimumVisualStudioVersion = 10.0.40219.1
Project("{FAE04EC0-301F-11D3-BF4B-00C04F79EFBC}") = "EX6AManipulatingArrays", "EX6AManipulatingArrays\EX6AManipulatingArrays.csproj", "{02D420E7-A608-47C2-A2F7-E915BB6283E7}"
EndProject
Global
	GlobalSection(SolutionConfigurationPlatforms) = preSolution
		Debug|Any CPU = Debug|Any CPU
		Release|Any CPU = Release|Any CPU
	EndGlobalSection
	GlobalSection(ProjectConfigurationPlatforms) = postSolution
		{02D420E7-A608-47C2-A2F7-E915BB6283E7}.Debug|Any CPU.ActiveCfg = Debug|Any CPU
		{02D420E7-A608-47C2-A2F7-E915BB6283E7}.Debug|Any CPU.Build.0 = Debug|Any CPU
		{02D420E7-A608-47C2-A2F7-E915BB6283E7}.Release|Any CPU.ActiveCfg = Release|Any CPU
		{02D420E7-A608-47C2-A2F7-E915BB6283E7}.Release|Any CPU.Build.0 = Release|Any CPU
	EndGlobalSection
	GlobalSection(SolutionProperties) = preSolution
		HideSolutionNode = FALSE
	EndGlobalSection
	GlobalSection(ExtensibilityGlobals) = postSolution
		SolutionGuid = {4F7752DA-8613-43BB-B25F-3F52E6D9246F}
	EndGlobalSection
EndGlobal
