
Microsoft Visual Studio Solution File, Format Version 12.00
# Visual Studio Version 16
VisualStudioVersion = 16.0.31005.135
MinimumVisualStudioVersion = 10.0.40219.1
Project("{FAE04EC0-301F-11D3-BF4B-00C04F79EFBC}") = "Ex6BGenericCollections", "Ex6BGenericCollections\Ex6BGenericCollections.csproj", "{C51E909D-6DC2-4ED9-8242-43D1E5C0FFBF}"
EndProject
Global
	GlobalSection(SolutionConfigurationPlatforms) = preSolution
		Debug|Any CPU = Debug|Any CPU
		Release|Any CPU = Release|Any CPU
	EndGlobalSection
	GlobalSection(ProjectConfigurationPlatforms) = postSolution
		{C51E909D-6DC2-4ED9-8242-43D1E5C0FFBF}.Debug|Any CPU.ActiveCfg = Debug|Any CPU
		{C51E909D-6DC2-4ED9-8242-43D1E5C0FFBF}.Debug|Any CPU.Build.0 = Debug|Any CPU
		{C51E909D-6DC2-4ED9-8242-43D1E5C0FFBF}.Release|Any CPU.ActiveCfg = Release|Any CPU
		{C51E909D-6DC2-4ED9-8242-43D1E5C0FFBF}.Release|Any CPU.Build.0 = Release|Any CPU
	EndGlobalSection
	GlobalSection(SolutionProperties) = preSolution
		HideSolutionNode = FALSE
	EndGlobalSection
	GlobalSection(ExtensibilityGlobals) = postSolution
		SolutionGuid = {B89BF709-4A25-4260-9604-729E41F916C1}
	EndGlobalSection
EndGlobal
