
Microsoft Visual Studio Solution File, Format Version 12.00
# Visual Studio Version 16
VisualStudioVersion = 16.0.30907.101
MinimumVisualStudioVersion = 10.0.40219.1
Project("{FAE04EC0-301F-11D3-BF4B-00C04F79EFBC}") = "MyFarmApplication", "MyFarmApplication\MyFarmApplication.csproj", "{ED3BC7D3-044F-4DEE-B110-C790768B6AB4}"
EndProject
Project("{FAE04EC0-301F-11D3-BF4B-00C04F79EFBC}") = "MyFarmClassLibrary", "MyFarmClassLibrary\MyFarmClassLibrary.csproj", "{C6E86C75-B18F-4D15-8C53-46C8CE9830D3}"
EndProject
Global
	GlobalSection(SolutionConfigurationPlatforms) = preSolution
		Debug|Any CPU = Debug|Any CPU
		Release|Any CPU = Release|Any CPU
	EndGlobalSection
	GlobalSection(ProjectConfigurationPlatforms) = postSolution
		{ED3BC7D3-044F-4DEE-B110-C790768B6AB4}.Debug|Any CPU.ActiveCfg = Debug|Any CPU
		{ED3BC7D3-044F-4DEE-B110-C790768B6AB4}.Debug|Any CPU.Build.0 = Debug|Any CPU
		{ED3BC7D3-044F-4DEE-B110-C790768B6AB4}.Release|Any CPU.ActiveCfg = Release|Any CPU
		{ED3BC7D3-044F-4DEE-B110-C790768B6AB4}.Release|Any CPU.Build.0 = Release|Any CPU
		{C6E86C75-B18F-4D15-8C53-46C8CE9830D3}.Debug|Any CPU.ActiveCfg = Debug|Any CPU
		{C6E86C75-B18F-4D15-8C53-46C8CE9830D3}.Debug|Any CPU.Build.0 = Debug|Any CPU
		{C6E86C75-B18F-4D15-8C53-46C8CE9830D3}.Release|Any CPU.ActiveCfg = Release|Any CPU
		{C6E86C75-B18F-4D15-8C53-46C8CE9830D3}.Release|Any CPU.Build.0 = Release|Any CPU
	EndGlobalSection
	GlobalSection(SolutionProperties) = preSolution
		HideSolutionNode = FALSE
	EndGlobalSection
	GlobalSection(ExtensibilityGlobals) = postSolution
		SolutionGuid = {7410F12B-885F-45D8-92D5-261D9950ECAA}
	EndGlobalSection
EndGlobal
